// !$*UTF8*$!
{
	archiveVersion = 1;
	classes = {
	};
	objectVersion = 56;
	objects = {

/* Begin PBXBuildFile section */
		D73F8C582B91DBA7004C816C /* RegistrationView.swift in Sources */ = {isa = PBXBuildFile; fileRef = D73F8C572B91DBA7004C816C /* RegistrationView.swift */; };
		D73F8C5B2B91DDD6004C816C /* ThreadsFieldModifier.swift in Sources */ = {isa = PBXBuildFile; fileRef = D73F8C5A2B91DDD6004C816C /* ThreadsFieldModifier.swift */; };
		D73F8C5D2B91DEE8004C816C /* AuthButtonModifiers.swift in Sources */ = {isa = PBXBuildFile; fileRef = D73F8C5C2B91DEE8004C816C /* AuthButtonModifiers.swift */; };
		D73F8C602B91EAC3004C816C /* ThreadsTabView.swift in Sources */ = {isa = PBXBuildFile; fileRef = D73F8C5F2B91EAC3004C816C /* ThreadsTabView.swift */; };
		D73F8C662B91ED6A004C816C /* FeedView.swift in Sources */ = {isa = PBXBuildFile; fileRef = D73F8C652B91ED6A004C816C /* FeedView.swift */; };
		D73F8C6C2B91EE0F004C816C /* ExploreView.swift in Sources */ = {isa = PBXBuildFile; fileRef = D73F8C6B2B91EE0F004C816C /* ExploreView.swift */; };
		D73F8C702B91EE5E004C816C /* CreateThread.swift in Sources */ = {isa = PBXBuildFile; fileRef = D73F8C6F2B91EE5E004C816C /* CreateThread.swift */; };
		D73F8C752B91F9AD004C816C /* ActivityView.swift in Sources */ = {isa = PBXBuildFile; fileRef = D73F8C742B91F9AD004C816C /* ActivityView.swift */; };
		D73F8C782B91F9DA004C816C /* ProfileViews.swift in Sources */ = {isa = PBXBuildFile; fileRef = D73F8C772B91F9DA004C816C /* ProfileViews.swift */; };
		D73F8C7A2B91FC38004C816C /* ThreadRow.swift in Sources */ = {isa = PBXBuildFile; fileRef = D73F8C792B91FC38004C816C /* ThreadRow.swift */; };
		D73F8C7D2B9205AA004C816C /* ProfileImageView.swift in Sources */ = {isa = PBXBuildFile; fileRef = D73F8C7C2B9205AA004C816C /* ProfileImageView.swift */; };
		D73F8C7F2B92065A004C816C /* UserRow.swift in Sources */ = {isa = PBXBuildFile; fileRef = D73F8C7E2B92065A004C816C /* UserRow.swift */; };
		D7B58B832B90B83500AD7E18 /* ThreadsCloneApp.swift in Sources */ = {isa = PBXBuildFile; fileRef = D7B58B822B90B83500AD7E18 /* ThreadsCloneApp.swift */; };
		D7B58B852B90B83500AD7E18 /* ContentView.swift in Sources */ = {isa = PBXBuildFile; fileRef = D7B58B842B90B83500AD7E18 /* ContentView.swift */; };
		D7B58B872B90B83800AD7E18 /* Assets.xcassets in Resources */ = {isa = PBXBuildFile; fileRef = D7B58B862B90B83800AD7E18 /* Assets.xcassets */; };
		D7B58B8A2B90B83800AD7E18 /* Preview Assets.xcassets in Resources */ = {isa = PBXBuildFile; fileRef = D7B58B892B90B83800AD7E18 /* Preview Assets.xcassets */; };
		D7B58B9A2B90B8F500AD7E18 /* LoginView.swift in Sources */ = {isa = PBXBuildFile; fileRef = D7B58B992B90B8F500AD7E18 /* LoginView.swift */; };
		D7DB720E2B9396E20029388E /* ProfileThreadFilter.swift in Sources */ = {isa = PBXBuildFile; fileRef = D7DB720D2B9396E20029388E /* ProfileThreadFilter.swift */; };
		D7DB72122B939D290029388E /* EditProfileView.swift in Sources */ = {isa = PBXBuildFile; fileRef = D7DB72112B939D290029388E /* EditProfileView.swift */; };
		D7DB72142B93B1B40029388E /* GoogleService-Info.plist in Resources */ = {isa = PBXBuildFile; fileRef = D7DB72132B93B1B40029388E /* GoogleService-Info.plist */; };
		D7DB72172B93B2860029388E /* FirebaseAnalytics in Frameworks */ = {isa = PBXBuildFile; productRef = D7DB72162B93B2860029388E /* FirebaseAnalytics */; };
		D7DB72192B93B2860029388E /* FirebaseAnalyticsOnDeviceConversion in Frameworks */ = {isa = PBXBuildFile; productRef = D7DB72182B93B2860029388E /* FirebaseAnalyticsOnDeviceConversion */; };
		D7DB721B2B93B2860029388E /* FirebaseAnalyticsSwift in Frameworks */ = {isa = PBXBuildFile; productRef = D7DB721A2B93B2860029388E /* FirebaseAnalyticsSwift */; };
		D7DB721D2B93B2860029388E /* FirebaseAnalyticsWithoutAdIdSupport in Frameworks */ = {isa = PBXBuildFile; productRef = D7DB721C2B93B2860029388E /* FirebaseAnalyticsWithoutAdIdSupport */; };
		D7DB721F2B93B2860029388E /* FirebaseAppCheck in Frameworks */ = {isa = PBXBuildFile; productRef = D7DB721E2B93B2860029388E /* FirebaseAppCheck */; };
/* End PBXBuildFile section */

/* Begin PBXFileReference section */
		D73F8C572B91DBA7004C816C /* RegistrationView.swift */ = {isa = PBXFileReference; lastKnownFileType = sourcecode.swift; path = RegistrationView.swift; sourceTree = "<group>"; };
		D73F8C5A2B91DDD6004C816C /* ThreadsFieldModifier.swift */ = {isa = PBXFileReference; lastKnownFileType = sourcecode.swift; path = ThreadsFieldModifier.swift; sourceTree = "<group>"; };
		D73F8C5C2B91DEE8004C816C /* AuthButtonModifiers.swift */ = {isa = PBXFileReference; lastKnownFileType = sourcecode.swift; path = AuthButtonModifiers.swift; sourceTree = "<group>"; };
		D73F8C5F2B91EAC3004C816C /* ThreadsTabView.swift */ = {isa = PBXFileReference; lastKnownFileType = sourcecode.swift; path = ThreadsTabView.swift; sourceTree = "<group>"; };
		D73F8C652B91ED6A004C816C /* FeedView.swift */ = {isa = PBXFileReference; lastKnownFileType = sourcecode.swift; path = FeedView.swift; sourceTree = "<group>"; };
		D73F8C6B2B91EE0F004C816C /* ExploreView.swift */ = {isa = PBXFileReference; lastKnownFileType = sourcecode.swift; path = ExploreView.swift; sourceTree = "<group>"; };
		D73F8C6F2B91EE5E004C816C /* CreateThread.swift */ = {isa = PBXFileReference; lastKnownFileType = sourcecode.swift; path = CreateThread.swift; sourceTree = "<group>"; };
		D73F8C742B91F9AD004C816C /* ActivityView.swift */ = {isa = PBXFileReference; lastKnownFileType = sourcecode.swift; path = ActivityView.swift; sourceTree = "<group>"; };
		D73F8C772B91F9DA004C816C /* ProfileViews.swift */ = {isa = PBXFileReference; lastKnownFileType = sourcecode.swift; path = ProfileViews.swift; sourceTree = "<group>"; };
		D73F8C792B91FC38004C816C /* ThreadRow.swift */ = {isa = PBXFileReference; lastKnownFileType = sourcecode.swift; path = ThreadRow.swift; sourceTree = "<group>"; };
		D73F8C7C2B9205AA004C816C /* ProfileImageView.swift */ = {isa = PBXFileReference; lastKnownFileType = sourcecode.swift; path = ProfileImageView.swift; sourceTree = "<group>"; };
		D73F8C7E2B92065A004C816C /* UserRow.swift */ = {isa = PBXFileReference; lastKnownFileType = sourcecode.swift; path = UserRow.swift; sourceTree = "<group>"; };
		D7B58B7F2B90B83500AD7E18 /* ThreadsClone.app */ = {isa = PBXFileReference; explicitFileType = wrapper.application; includeInIndex = 0; path = ThreadsClone.app; sourceTree = BUILT_PRODUCTS_DIR; };
		D7B58B822B90B83500AD7E18 /* ThreadsCloneApp.swift */ = {isa = PBXFileReference; lastKnownFileType = sourcecode.swift; path = ThreadsCloneApp.swift; sourceTree = "<group>"; };
		D7B58B842B90B83500AD7E18 /* ContentView.swift */ = {isa = PBXFileReference; lastKnownFileType = sourcecode.swift; path = ContentView.swift; sourceTree = "<group>"; };
		D7B58B862B90B83800AD7E18 /* Assets.xcassets */ = {isa = PBXFileReference; lastKnownFileType = folder.assetcatalog; path = Assets.xcassets; sourceTree = "<group>"; };
		D7B58B892B90B83800AD7E18 /* Preview Assets.xcassets */ = {isa = PBXFileReference; lastKnownFileType = folder.assetcatalog; path = "Preview Assets.xcassets"; sourceTree = "<group>"; };
		D7B58B992B90B8F500AD7E18 /* LoginView.swift */ = {isa = PBXFileReference; lastKnownFileType = sourcecode.swift; path = LoginView.swift; sourceTree = "<group>"; };
		D7DB720D2B9396E20029388E /* ProfileThreadFilter.swift */ = {isa = PBXFileReference; lastKnownFileType = sourcecode.swift; path = ProfileThreadFilter.swift; sourceTree = "<group>"; };
		D7DB72112B939D290029388E /* EditProfileView.swift */ = {isa = PBXFileReference; lastKnownFileType = sourcecode.swift; path = EditProfileView.swift; sourceTree = "<group>"; };
		D7DB72132B93B1B40029388E /* GoogleService-Info.plist */ = {isa = PBXFileReference; fileEncoding = 4; lastKnownFileType = text.plist.xml; path = "GoogleService-Info.plist"; sourceTree = "<group>"; };
/* End PBXFileReference section */

/* Begin PBXFrameworksBuildPhase section */
		D7B58B7C2B90B83500AD7E18 /* Frameworks */ = {
			isa = PBXFrameworksBuildPhase;
			buildActionMask = 2147483647;
			files = (
				D7DB721B2B93B2860029388E /* FirebaseAnalyticsSwift in Frameworks */,
				D7DB72172B93B2860029388E /* FirebaseAnalytics in Frameworks */,
				D7DB72192B93B2860029388E /* FirebaseAnalyticsOnDeviceConversion in Frameworks */,
				D7DB721F2B93B2860029388E /* FirebaseAppCheck in Frameworks */,
				D7DB721D2B93B2860029388E /* FirebaseAnalyticsWithoutAdIdSupport in Frameworks */,
			);
			runOnlyForDeploymentPostprocessing = 0;
		};
/* End PBXFrameworksBuildPhase section */

/* Begin PBXGroup section */
		D73F8C592B91DDB7004C816C /* ViewModifiers */ = {
			isa = PBXGroup;
			children = (
				D73F8C5A2B91DDD6004C816C /* ThreadsFieldModifier.swift */,
				D73F8C5C2B91DEE8004C816C /* AuthButtonModifiers.swift */,
			);
			path = ViewModifiers;
			sourceTree = "<group>";
		};
		D73F8C5E2B91E0D2004C816C /* TabBar */ = {
			isa = PBXGroup;
			children = (
				D73F8C5F2B91EAC3004C816C /* ThreadsTabView.swift */,
			);
			path = TabBar;
			sourceTree = "<group>";
		};
		D73F8C612B91ED3E004C816C /* Feed */ = {
			isa = PBXGroup;
			children = (
				D73F8C622B91ED43004C816C /* Views */,
			);
			path = Feed;
			sourceTree = "<group>";
		};
		D73F8C622B91ED43004C816C /* Views */ = {
			isa = PBXGroup;
			children = (
				D73F8C652B91ED6A004C816C /* FeedView.swift */,
				D73F8C792B91FC38004C816C /* ThreadRow.swift */,
			);
			path = Views;
			sourceTree = "<group>";
		};
		D73F8C692B91EDE7004C816C /* Explore */ = {
			isa = PBXGroup;
			children = (
				D73F8C6A2B91EDEB004C816C /* Views */,
			);
			path = Explore;
			sourceTree = "<group>";
		};
		D73F8C6A2B91EDEB004C816C /* Views */ = {
			isa = PBXGroup;
			children = (
				D73F8C6B2B91EE0F004C816C /* ExploreView.swift */,
			);
			path = Views;
			sourceTree = "<group>";
		};
		D73F8C6D2B91EE3F004C816C /* UploadThread */ = {
			isa = PBXGroup;
			children = (
				D73F8C6E2B91EE4B004C816C /* Views */,
			);
			path = UploadThread;
			sourceTree = "<group>";
		};
		D73F8C6E2B91EE4B004C816C /* Views */ = {
			isa = PBXGroup;
			children = (
				D73F8C6F2B91EE5E004C816C /* CreateThread.swift */,
			);
			path = Views;
			sourceTree = "<group>";
		};
		D73F8C712B91EE8D004C816C /* Activity */ = {
			isa = PBXGroup;
			children = (
				D73F8C732B91F9A0004C816C /* Views */,
			);
			path = Activity;
			sourceTree = "<group>";
		};
		D73F8C722B91EE92004C816C /* Profile */ = {
			isa = PBXGroup;
			children = (
				D7DB720F2B939D0E0029388E /* EditProfile */,
				D7DB720C2B9396D10029388E /* Model */,
				D73F8C762B91F9CD004C816C /* Views */,
			);
			path = Profile;
			sourceTree = "<group>";
		};
		D73F8C732B91F9A0004C816C /* Views */ = {
			isa = PBXGroup;
			children = (
				D73F8C742B91F9AD004C816C /* ActivityView.swift */,
			);
			path = Views;
			sourceTree = "<group>";
		};
		D73F8C762B91F9CD004C816C /* Views */ = {
			isa = PBXGroup;
			children = (
				D73F8C772B91F9DA004C816C /* ProfileViews.swift */,
			);
			path = Views;
			sourceTree = "<group>";
		};
		D73F8C7B2B920511004C816C /* Components */ = {
			isa = PBXGroup;
			children = (
				D73F8C7C2B9205AA004C816C /* ProfileImageView.swift */,
				D73F8C7E2B92065A004C816C /* UserRow.swift */,
			);
			path = Components;
			sourceTree = "<group>";
		};
		D7B58B762B90B83500AD7E18 = {
			isa = PBXGroup;
			children = (
				D7B58B812B90B83500AD7E18 /* ThreadsClone */,
				D7B58B802B90B83500AD7E18 /* Products */,
			);
			sourceTree = "<group>";
		};
		D7B58B802B90B83500AD7E18 /* Products */ = {
			isa = PBXGroup;
			children = (
				D7B58B7F2B90B83500AD7E18 /* ThreadsClone.app */,
			);
			name = Products;
			sourceTree = "<group>";
		};
		D7B58B812B90B83500AD7E18 /* ThreadsClone */ = {
			isa = PBXGroup;
			children = (
				D7B58B902B90B86900AD7E18 /* App */,
				D7B58B912B90B86D00AD7E18 /* Core */,
				D7B58B922B90B87900AD7E18 /* Extentions */,
				D7B58B932B90B87F00AD7E18 /* Models */,
				D7B58B942B90B88500AD7E18 /* Services */,
				D7B58B952B90B88B00AD7E18 /* utilities */,
				D7B58B862B90B83800AD7E18 /* Assets.xcassets */,
				D7DB72132B93B1B40029388E /* GoogleService-Info.plist */,
				D7B58B882B90B83800AD7E18 /* Preview Content */,
			);
			path = ThreadsClone;
			sourceTree = "<group>";
		};
		D7B58B882B90B83800AD7E18 /* Preview Content */ = {
			isa = PBXGroup;
			children = (
				D7B58B892B90B83800AD7E18 /* Preview Assets.xcassets */,
			);
			path = "Preview Content";
			sourceTree = "<group>";
		};
		D7B58B902B90B86900AD7E18 /* App */ = {
			isa = PBXGroup;
			children = (
				D7B58B822B90B83500AD7E18 /* ThreadsCloneApp.swift */,
			);
			path = App;
			sourceTree = "<group>";
		};
		D7B58B912B90B86D00AD7E18 /* Core */ = {
			isa = PBXGroup;
			children = (
				D73F8C712B91EE8D004C816C /* Activity */,
				D7B58B962B90B8B900AD7E18 /* Authentication */,
				D73F8C7B2B920511004C816C /* Components */,
				D73F8C692B91EDE7004C816C /* Explore */,
				D73F8C612B91ED3E004C816C /* Feed */,
				D73F8C722B91EE92004C816C /* Profile */,
				D73F8C5E2B91E0D2004C816C /* TabBar */,
				D7B58B972B90B8C600AD7E18 /* Root */,
				D73F8C6D2B91EE3F004C816C /* UploadThread */,
			);
			path = Core;
			sourceTree = "<group>";
		};
		D7B58B922B90B87900AD7E18 /* Extentions */ = {
			isa = PBXGroup;
			children = (
			);
			path = Extentions;
			sourceTree = "<group>";
		};
		D7B58B932B90B87F00AD7E18 /* Models */ = {
			isa = PBXGroup;
			children = (
			);
			path = Models;
			sourceTree = "<group>";
		};
		D7B58B942B90B88500AD7E18 /* Services */ = {
			isa = PBXGroup;
			children = (
			);
			path = Services;
			sourceTree = "<group>";
		};
		D7B58B952B90B88B00AD7E18 /* utilities */ = {
			isa = PBXGroup;
			children = (
				D73F8C592B91DDB7004C816C /* ViewModifiers */,
			);
			path = utilities;
			sourceTree = "<group>";
		};
		D7B58B962B90B8B900AD7E18 /* Authentication */ = {
			isa = PBXGroup;
			children = (
				D7B58B982B90B8D500AD7E18 /* Views */,
			);
			path = Authentication;
			sourceTree = "<group>";
		};
		D7B58B972B90B8C600AD7E18 /* Root */ = {
			isa = PBXGroup;
			children = (
				D7B58B842B90B83500AD7E18 /* ContentView.swift */,
			);
			path = Root;
			sourceTree = "<group>";
		};
		D7B58B982B90B8D500AD7E18 /* Views */ = {
			isa = PBXGroup;
			children = (
				D7B58B992B90B8F500AD7E18 /* LoginView.swift */,
				D73F8C572B91DBA7004C816C /* RegistrationView.swift */,
			);
			path = Views;
			sourceTree = "<group>";
		};
		D7DB720C2B9396D10029388E /* Model */ = {
			isa = PBXGroup;
			children = (
				D7DB720D2B9396E20029388E /* ProfileThreadFilter.swift */,
			);
			path = Model;
			sourceTree = "<group>";
		};
		D7DB720F2B939D0E0029388E /* EditProfile */ = {
			isa = PBXGroup;
			children = (
				D7DB72102B939D1B0029388E /* Views */,
			);
			path = EditProfile;
			sourceTree = "<group>";
		};
		D7DB72102B939D1B0029388E /* Views */ = {
			isa = PBXGroup;
			children = (
				D7DB72112B939D290029388E /* EditProfileView.swift */,
			);
			path = Views;
			sourceTree = "<group>";
		};
/* End PBXGroup section */

/* Begin PBXNativeTarget section */
		D7B58B7E2B90B83500AD7E18 /* ThreadsClone */ = {
			isa = PBXNativeTarget;
			buildConfigurationList = D7B58B8D2B90B83800AD7E18 /* Build configuration list for PBXNativeTarget "ThreadsClone" */;
			buildPhases = (
				D7B58B7B2B90B83500AD7E18 /* Sources */,
				D7B58B7C2B90B83500AD7E18 /* Frameworks */,
				D7B58B7D2B90B83500AD7E18 /* Resources */,
			);
			buildRules = (
			);
			dependencies = (
			);
			name = ThreadsClone;
			packageProductDependencies = (
				D7DB72162B93B2860029388E /* FirebaseAnalytics */,
				D7DB72182B93B2860029388E /* FirebaseAnalyticsOnDeviceConversion */,
				D7DB721A2B93B2860029388E /* FirebaseAnalyticsSwift */,
				D7DB721C2B93B2860029388E /* FirebaseAnalyticsWithoutAdIdSupport */,
				D7DB721E2B93B2860029388E /* FirebaseAppCheck */,
			);
			productName = ThreadsClone;
			productReference = D7B58B7F2B90B83500AD7E18 /* ThreadsClone.app */;
			productType = "com.apple.product-type.application";
		};
/* End PBXNativeTarget section */

/* Begin PBXProject section */
		D7B58B772B90B83500AD7E18 /* Project object */ = {
			isa = PBXProject;
			attributes = {
				BuildIndependentTargetsInParallel = 1;
				LastSwiftUpdateCheck = 1520;
				LastUpgradeCheck = 1520;
				TargetAttributes = {
					D7B58B7E2B90B83500AD7E18 = {
						CreatedOnToolsVersion = 15.2;
					};
				};
			};
			buildConfigurationList = D7B58B7A2B90B83500AD7E18 /* Build configuration list for PBXProject "ThreadsClone" */;
			compatibilityVersion = "Xcode 14.0";
			developmentRegion = en;
			hasScannedForEncodings = 0;
			knownRegions = (
				en,
				Base,
			);
			mainGroup = D7B58B762B90B83500AD7E18;
			packageReferences = (
				D7DB72152B93B2860029388E /* XCRemoteSwiftPackageReference "firebase-ios-sdk" */,
			);
			productRefGroup = D7B58B802B90B83500AD7E18 /* Products */;
			projectDirPath = "";
			projectRoot = "";
			targets = (
				D7B58B7E2B90B83500AD7E18 /* ThreadsClone */,
			);
		};
/* End PBXProject section */

/* Begin PBXResourcesBuildPhase section */
		D7B58B7D2B90B83500AD7E18 /* Resources */ = {
			isa = PBXResourcesBuildPhase;
			buildActionMask = 2147483647;
			files = (
				D7B58B8A2B90B83800AD7E18 /* Preview Assets.xcassets in Resources */,
				D7B58B872B90B83800AD7E18 /* Assets.xcassets in Resources */,
				D7DB72142B93B1B40029388E /* GoogleService-Info.plist in Resources */,
			);
			runOnlyForDeploymentPostprocessing = 0;
		};
/* End PBXResourcesBuildPhase section */

/* Begin PBXSourcesBuildPhase section */
		D7B58B7B2B90B83500AD7E18 /* Sources */ = {
			isa = PBXSourcesBuildPhase;
			buildActionMask = 2147483647;
			files = (
				D73F8C782B91F9DA004C816C /* ProfileViews.swift in Sources */,
				D7DB72122B939D290029388E /* EditProfileView.swift in Sources */,
				D73F8C752B91F9AD004C816C /* ActivityView.swift in Sources */,
				D73F8C662B91ED6A004C816C /* FeedView.swift in Sources */,
				D7DB720E2B9396E20029388E /* ProfileThreadFilter.swift in Sources */,
				D73F8C7F2B92065A004C816C /* UserRow.swift in Sources */,
				D73F8C702B91EE5E004C816C /* CreateThread.swift in Sources */,
				D73F8C6C2B91EE0F004C816C /* ExploreView.swift in Sources */,
				D7B58B9A2B90B8F500AD7E18 /* LoginView.swift in Sources */,
				D73F8C602B91EAC3004C816C /* ThreadsTabView.swift in Sources */,
				D73F8C7A2B91FC38004C816C /* ThreadRow.swift in Sources */,
				D73F8C7D2B9205AA004C816C /* ProfileImageView.swift in Sources */,
				D73F8C5B2B91DDD6004C816C /* ThreadsFieldModifier.swift in Sources */,
				D7B58B852B90B83500AD7E18 /* ContentView.swift in Sources */,
				D7B58B832B90B83500AD7E18 /* ThreadsCloneApp.swift in Sources */,
				D73F8C5D2B91DEE8004C816C /* AuthButtonModifiers.swift in Sources */,
				D73F8C582B91DBA7004C816C /* RegistrationView.swift in Sources */,
			);
			runOnlyForDeploymentPostprocessing = 0;
		};
/* End PBXSourcesBuildPhase section */

/* Begin XCBuildConfiguration section */
		D7B58B8B2B90B83800AD7E18 /* Debug */ = {
			isa = XCBuildConfiguration;
			buildSettings = {
				ALWAYS_SEARCH_USER_PATHS = NO;
				ASSETCATALOG_COMPILER_GENERATE_SWIFT_ASSET_SYMBOL_EXTENSIONS = YES;
				CLANG_ANALYZER_NONNULL = YES;
				CLANG_ANALYZER_NUMBER_OBJECT_CONVERSION = YES_AGGRESSIVE;
				CLANG_CXX_LANGUAGE_STANDARD = "gnu++20";
				CLANG_ENABLE_MODULES = YES;
				CLANG_ENABLE_OBJC_ARC = YES;
				CLANG_ENABLE_OBJC_WEAK = YES;
				CLANG_WARN_BLOCK_CAPTURE_AUTORELEASING = YES;
				CLANG_WARN_BOOL_CONVERSION = YES;
				CLANG_WARN_COMMA = YES;
				CLANG_WARN_CONSTANT_CONVERSION = YES;
				CLANG_WARN_DEPRECATED_OBJC_IMPLEMENTATIONS = YES;
				CLANG_WARN_DIRECT_OBJC_ISA_USAGE = YES_ERROR;
				CLANG_WARN_DOCUMENTATION_COMMENTS = YES;
				CLANG_WARN_EMPTY_BODY = YES;
				CLANG_WARN_ENUM_CONVERSION = YES;
				CLANG_WARN_INFINITE_RECURSION = YES;
				CLANG_WARN_INT_CONVERSION = YES;
				CLANG_WARN_NON_LITERAL_NULL_CONVERSION = YES;
				CLANG_WARN_OBJC_IMPLICIT_RETAIN_SELF = YES;
				CLANG_WARN_OBJC_LITERAL_CONVERSION = YES;
				CLANG_WARN_OBJC_ROOT_CLASS = YES_ERROR;
				CLANG_WARN_QUOTED_INCLUDE_IN_FRAMEWORK_HEADER = YES;
				CLANG_WARN_RANGE_LOOP_ANALYSIS = YES;
				CLANG_WARN_STRICT_PROTOTYPES = YES;
				CLANG_WARN_SUSPICIOUS_MOVE = YES;
				CLANG_WARN_UNGUARDED_AVAILABILITY = YES_AGGRESSIVE;
				CLANG_WARN_UNREACHABLE_CODE = YES;
				CLANG_WARN__DUPLICATE_METHOD_MATCH = YES;
				COPY_PHASE_STRIP = NO;
				DEBUG_INFORMATION_FORMAT = dwarf;
				ENABLE_STRICT_OBJC_MSGSEND = YES;
				ENABLE_TESTABILITY = YES;
				ENABLE_USER_SCRIPT_SANDBOXING = YES;
				GCC_C_LANGUAGE_STANDARD = gnu17;
				GCC_DYNAMIC_NO_PIC = NO;
				GCC_NO_COMMON_BLOCKS = YES;
				GCC_OPTIMIZATION_LEVEL = 0;
				GCC_PREPROCESSOR_DEFINITIONS = (
					"DEBUG=1",
					"$(inherited)",
				);
				GCC_WARN_64_TO_32_BIT_CONVERSION = YES;
				GCC_WARN_ABOUT_RETURN_TYPE = YES_ERROR;
				GCC_WARN_UNDECLARED_SELECTOR = YES;
				GCC_WARN_UNINITIALIZED_AUTOS = YES_AGGRESSIVE;
				GCC_WARN_UNUSED_FUNCTION = YES;
				GCC_WARN_UNUSED_VARIABLE = YES;
				IPHONEOS_DEPLOYMENT_TARGET = 17.2;
				LOCALIZATION_PREFERS_STRING_CATALOGS = YES;
				MTL_ENABLE_DEBUG_INFO = INCLUDE_SOURCE;
				MTL_FAST_MATH = YES;
				ONLY_ACTIVE_ARCH = YES;
				SDKROOT = iphoneos;
				SWIFT_ACTIVE_COMPILATION_CONDITIONS = "DEBUG $(inherited)";
				SWIFT_OPTIMIZATION_LEVEL = "-Onone";
			};
			name = Debug;
		};
		D7B58B8C2B90B83800AD7E18 /* Release */ = {
			isa = XCBuildConfiguration;
			buildSettings = {
				ALWAYS_SEARCH_USER_PATHS = NO;
				ASSETCATALOG_COMPILER_GENERATE_SWIFT_ASSET_SYMBOL_EXTENSIONS = YES;
				CLANG_ANALYZER_NONNULL = YES;
				CLANG_ANALYZER_NUMBER_OBJECT_CONVERSION = YES_AGGRESSIVE;
				CLANG_CXX_LANGUAGE_STANDARD = "gnu++20";
				CLANG_ENABLE_MODULES = YES;
				CLANG_ENABLE_OBJC_ARC = YES;
				CLANG_ENABLE_OBJC_WEAK = YES;
				CLANG_WARN_BLOCK_CAPTURE_AUTORELEASING = YES;
				CLANG_WARN_BOOL_CONVERSION = YES;
				CLANG_WARN_COMMA = YES;
				CLANG_WARN_CONSTANT_CONVERSION = YES;
				CLANG_WARN_DEPRECATED_OBJC_IMPLEMENTATIONS = YES;
				CLANG_WARN_DIRECT_OBJC_ISA_USAGE = YES_ERROR;
				CLANG_WARN_DOCUMENTATION_COMMENTS = YES;
				CLANG_WARN_EMPTY_BODY = YES;
				CLANG_WARN_ENUM_CONVERSION = YES;
				CLANG_WARN_INFINITE_RECURSION = YES;
				CLANG_WARN_INT_CONVERSION = YES;
				CLANG_WARN_NON_LITERAL_NULL_CONVERSION = YES;
				CLANG_WARN_OBJC_IMPLICIT_RETAIN_SELF = YES;
				CLANG_WARN_OBJC_LITERAL_CONVERSION = YES;
				CLANG_WARN_OBJC_ROOT_CLASS = YES_ERROR;
				CLANG_WARN_QUOTED_INCLUDE_IN_FRAMEWORK_HEADER = YES;
				CLANG_WARN_RANGE_LOOP_ANALYSIS = YES;
				CLANG_WARN_STRICT_PROTOTYPES = YES;
				CLANG_WARN_SUSPICIOUS_MOVE = YES;
				CLANG_WARN_UNGUARDED_AVAILABILITY = YES_AGGRESSIVE;
				CLANG_WARN_UNREACHABLE_CODE = YES;
				CLANG_WARN__DUPLICATE_METHOD_MATCH = YES;
				COPY_PHASE_STRIP = NO;
				DEBUG_INFORMATION_FORMAT = "dwarf-with-dsym";
				ENABLE_NS_ASSERTIONS = NO;
				ENABLE_STRICT_OBJC_MSGSEND = YES;
				ENABLE_USER_SCRIPT_SANDBOXING = YES;
				GCC_C_LANGUAGE_STANDARD = gnu17;
				GCC_NO_COMMON_BLOCKS = YES;
				GCC_WARN_64_TO_32_BIT_CONVERSION = YES;
				GCC_WARN_ABOUT_RETURN_TYPE = YES_ERROR;
				GCC_WARN_UNDECLARED_SELECTOR = YES;
				GCC_WARN_UNINITIALIZED_AUTOS = YES_AGGRESSIVE;
				GCC_WARN_UNUSED_FUNCTION = YES;
				GCC_WARN_UNUSED_VARIABLE = YES;
				IPHONEOS_DEPLOYMENT_TARGET = 17.2;
				LOCALIZATION_PREFERS_STRING_CATALOGS = YES;
				MTL_ENABLE_DEBUG_INFO = NO;
				MTL_FAST_MATH = YES;
				SDKROOT = iphoneos;
				SWIFT_COMPILATION_MODE = wholemodule;
				VALIDATE_PRODUCT = YES;
			};
			name = Release;
		};
		D7B58B8E2B90B83800AD7E18 /* Debug */ = {
			isa = XCBuildConfiguration;
			buildSettings = {
				ASSETCATALOG_COMPILER_APPICON_NAME = AppIcon;
				ASSETCATALOG_COMPILER_GLOBAL_ACCENT_COLOR_NAME = AccentColor;
				CODE_SIGN_STYLE = Automatic;
				CURRENT_PROJECT_VERSION = 1;
				DEVELOPMENT_ASSET_PATHS = "\"ThreadsClone/Preview Content\"";
				DEVELOPMENT_TEAM = 648U26QNYT;
				ENABLE_PREVIEWS = YES;
				GENERATE_INFOPLIST_FILE = YES;
				INFOPLIST_KEY_UIApplicationSceneManifest_Generation = YES;
				INFOPLIST_KEY_UIApplicationSupportsIndirectInputEvents = YES;
				INFOPLIST_KEY_UILaunchScreen_Generation = YES;
				INFOPLIST_KEY_UISupportedInterfaceOrientations_iPad = "UIInterfaceOrientationPortrait UIInterfaceOrientationPortraitUpsideDown UIInterfaceOrientationLandscapeLeft UIInterfaceOrientationLandscapeRight";
				INFOPLIST_KEY_UISupportedInterfaceOrientations_iPhone = "UIInterfaceOrientationPortrait UIInterfaceOrientationLandscapeLeft UIInterfaceOrientationLandscapeRight";
				LD_RUNPATH_SEARCH_PATHS = (
					"$(inherited)",
					"@executable_path/Frameworks",
				);
				MARKETING_VERSION = 1.0;
				PRODUCT_BUNDLE_IDENTIFIER = com.ThreadsClone;
				PRODUCT_NAME = "$(TARGET_NAME)";
				SWIFT_EMIT_LOC_STRINGS = YES;
				SWIFT_VERSION = 5.0;
				TARGETED_DEVICE_FAMILY = "1,2";
			};
			name = Debug;
		};
		D7B58B8F2B90B83800AD7E18 /* Release */ = {
			isa = XCBuildConfiguration;
			buildSettings = {
				ASSETCATALOG_COMPILER_APPICON_NAME = AppIcon;
				ASSETCATALOG_COMPILER_GLOBAL_ACCENT_COLOR_NAME = AccentColor;
				CODE_SIGN_STYLE = Automatic;
				CURRENT_PROJECT_VERSION = 1;
				DEVELOPMENT_ASSET_PATHS = "\"ThreadsClone/Preview Content\"";
				DEVELOPMENT_TEAM = 648U26QNYT;
				ENABLE_PREVIEWS = YES;
				GENERATE_INFOPLIST_FILE = YES;
				INFOPLIST_KEY_UIApplicationSceneManifest_Generation = YES;
				INFOPLIST_KEY_UIApplicationSupportsIndirectInputEvents = YES;
				INFOPLIST_KEY_UILaunchScreen_Generation = YES;
				INFOPLIST_KEY_UISupportedInterfaceOrientations_iPad = "UIInterfaceOrientationPortrait UIInterfaceOrientationPortraitUpsideDown UIInterfaceOrientationLandscapeLeft UIInterfaceOrientationLandscapeRight";
				INFOPLIST_KEY_UISupportedInterfaceOrientations_iPhone = "UIInterfaceOrientationPortrait UIInterfaceOrientationLandscapeLeft UIInterfaceOrientationLandscapeRight";
				LD_RUNPATH_SEARCH_PATHS = (
					"$(inherited)",
					"@executable_path/Frameworks",
				);
				MARKETING_VERSION = 1.0;
				PRODUCT_BUNDLE_IDENTIFIER = com.ThreadsClone;
				PRODUCT_NAME = "$(TARGET_NAME)";
				SWIFT_EMIT_LOC_STRINGS = YES;
				SWIFT_VERSION = 5.0;
				TARGETED_DEVICE_FAMILY = "1,2";
			};
			name = Release;
		};
/* End XCBuildConfiguration section */

/* Begin XCConfigurationList section */
		D7B58B7A2B90B83500AD7E18 /* Build configuration list for PBXProject "ThreadsClone" */ = {
			isa = XCConfigurationList;
			buildConfigurations = (
				D7B58B8B2B90B83800AD7E18 /* Debug */,
				D7B58B8C2B90B83800AD7E18 /* Release */,
			);
			defaultConfigurationIsVisible = 0;
			defaultConfigurationName = Release;
		};
		D7B58B8D2B90B83800AD7E18 /* Build configuration list for PBXNativeTarget "ThreadsClone" */ = {
			isa = XCConfigurationList;
			buildConfigurations = (
				D7B58B8E2B90B83800AD7E18 /* Debug */,
				D7B58B8F2B90B83800AD7E18 /* Release */,
			);
			defaultConfigurationIsVisible = 0;
			defaultConfigurationName = Release;
		};
/* End XCConfigurationList section */

/* Begin XCRemoteSwiftPackageReference section */
		D7DB72152B93B2860029388E /* XCRemoteSwiftPackageReference "firebase-ios-sdk" */ = {
			isa = XCRemoteSwiftPackageReference;
			repositoryURL = "https://github.com/firebase/firebase-ios-sdk";
			requirement = {
				kind = upToNextMajorVersion;
				minimumVersion = 10.21.0;
			};
		};
/* End XCRemoteSwiftPackageReference section */

/* Begin XCSwiftPackageProductDependency section */
		D7DB72162B93B2860029388E /* FirebaseAnalytics */ = {
			isa = XCSwiftPackageProductDependency;
			package = D7DB72152B93B2860029388E /* XCRemoteSwiftPackageReference "firebase-ios-sdk" */;
			productName = FirebaseAnalytics;
		};
		D7DB72182B93B2860029388E /* FirebaseAnalyticsOnDeviceConversion */ = {
			isa = XCSwiftPackageProductDependency;
			package = D7DB72152B93B2860029388E /* XCRemoteSwiftPackageReference "firebase-ios-sdk" */;
			productName = FirebaseAnalyticsOnDeviceConversion;
		};
		D7DB721A2B93B2860029388E /* FirebaseAnalyticsSwift */ = {
			isa = XCSwiftPackageProductDependency;
			package = D7DB72152B93B2860029388E /* XCRemoteSwiftPackageReference "firebase-ios-sdk" */;
			productName = FirebaseAnalyticsSwift;
		};
		D7DB721C2B93B2860029388E /* FirebaseAnalyticsWithoutAdIdSupport */ = {
			isa = XCSwiftPackageProductDependency;
			package = D7DB72152B93B2860029388E /* XCRemoteSwiftPackageReference "firebase-ios-sdk" */;
			productName = FirebaseAnalyticsWithoutAdIdSupport;
		};
		D7DB721E2B93B2860029388E /* FirebaseAppCheck */ = {
			isa = XCSwiftPackageProductDependency;
			package = D7DB72152B93B2860029388E /* XCRemoteSwiftPackageReference "firebase-ios-sdk" */;
			productName = FirebaseAppCheck;
		};
/* End XCSwiftPackageProductDependency section */
	};
	rootObject = D7B58B772B90B83500AD7E18 /* Project object */;
}
